Microsoft Visual Studio Solution File, Format Version 12.00
# Visual Studio Version 17
VisualStudioVersion = 17.5.2.0
MinimumVisualStudioVersion = 10.0.40219.1
Project("{FAE04EC0-301F-11D3-BF4B-00C04F79EFBC}") = "dummy api testing", "dummy api testing.csproj", "{EFF427BE-4AC7-17CA-ED49-92A5E0BD0120}"
EndProject
Global
	GlobalSection(SolutionConfigurationPlatforms) = preSolution
		Debug|Any CPU = Debug|Any CPU
		Release|Any CPU = Release|Any CPU
	EndGlobalSection
	GlobalSection(ProjectConfigurationPlatforms) = postSolution
		{EFF427BE-4AC7-17CA-ED49-92A5E0BD0120}.Debug|Any CPU.ActiveCfg = Debug|Any CPU
		{EFF427BE-4AC7-17CA-ED49-92A5E0BD0120}.Debug|Any CPU.Build.0 = Debug|Any CPU
		{EFF427BE-4AC7-17CA-ED49-92A5E0BD0120}.Release|Any CPU.ActiveCfg = Release|Any CPU
		{EFF427BE-4AC7-17CA-ED49-92A5E0BD0120}.Release|Any CPU.Build.0 = Release|Any CPU
	EndGlobalSection
	GlobalSection(SolutionProperties) = preSolution
		HideSolutionNode = FALSE
	EndGlobalSection
	GlobalSection(ExtensibilityGlobals) = postSolution
		SolutionGuid = {EFE5D3B2-3AFA-4C8A-94FB-98B2ADA9F15B}
	EndGlobalSection
EndGlobal
